PODS:
  - CocoaLumberjack (3.7.0):
    - CocoaLumberjack/Core (= 3.7.0)
  - CocoaLumberjack/Core (3.7.0)
  - KRActivityIndicatorView (3.0.7)
  - KRProgressHUD (3.4.7):
    - KRActivityIndicatorView (= 3.0.7)
  - NCMB (3.1.0)
  - SVGKit (2.1.0):
    - CocoaLumberjack (~> 3.0)
  - SwiftGifOrigin (1.7.0)
  - SwiftSVG (2.3.2)

DEPENDENCIES:
  - KRProgressHUD
  - NCMB (from `https://github.com/NIFTYCloud-mbaas/ncmb_ios.git`, branch `develop`)
  - SVGKit (from `https://github.com/SVGKit/SVGKit.git`, branch `2.x`)
  - SwiftGifOrigin (~> 1.7.0)
  - SwiftSVG

SPEC REPOS:
  trunk:
    - CocoaLumberjack
    - KRActivityIndicatorView
    - KRProgressHUD
    - SwiftGifOrigin
    - SwiftSVG

EXTERNAL SOURCES:
  NCMB:
    :branch: develop
    :git: https://github.com/NIFTYCloud-mbaas/ncmb_ios.git
  SVGKit:
    :branch: 2.x
    :git: https://github.com/SVGKit/SVGKit.git

CHECKOUT OPTIONS:
  NCMB:
    :commit: c9d038fb4ec82dcecedb4ce15c38b869cbebebf4
    :git: https://github.com/NIFTYCloud-mbaas/ncmb_ios.git
  SVGKit:
    :commit: c40671b9a264f8f71831c4e0452736debfae2164
    :git: https://github.com/SVGKit/SVGKit.git

SPEC CHECKSUMS:
  CocoaLumberjack: e8955b9d337ac307103b0a34fd141c32f27e53c5
  KRActivityIndicatorView: ad69e89c4ce40c986cf580595be4829dcad0e35a
  KRProgressHUD: a248f0bc6c9c2aed40a37b76e03ffecc7f85c887
  NCMB: c308972109137bf523ec1830bac16de6a31c25f4
  SVGKit: 8a2fc74258bdb2abb54d3b65f3dd68b0277a9c4d
  SwiftGifOrigin: fbd6cf37afcfcf97a5c3db996ddc0492e5c5c145
  SwiftSVG: ca7f64e403b8ea7ea8eba8c823b83ba4a059834c

PODFILE CHECKSUM: efa20ab685768bd58b30b041ba71810e1447bcdc

COCOAPODS: 1.9.3
